
Microsoft Visual Studio Solution File, Format Version 12.00
# Visual Studio Version 17
VisualStudioVersion = 17.5.33502.453
MinimumVisualStudioVersion = 10.0.40219.1
Project("{FAE04EC0-301F-11D3-BF4B-00C04F79EFBC}") = "almoxarifadoTeste", "almoxarifadoTeste\almoxarifadoTeste.csproj", "{AC95FAE9-E35A-4985-87F8-52BD1C85DAC6}"
EndProject
Project("{FAE04EC0-301F-11D3-BF4B-00C04F79EFBC}") = "almoxarifadoDominio", "almoxarifadoDominio\almoxarifadoDominio.csproj", "{2CE1BDF6-2779-4FC6-A848-D84C7F45B6AF}"
EndProject
Global
	GlobalSection(SolutionConfigurationPlatforms) = preSolution
		Debug|Any CPU = Debug|Any CPU
		Release|Any CPU = Release|Any CPU
	EndGlobalSection
	GlobalSection(ProjectConfigurationPlatforms) = postSolution
		{AC95FAE9-E35A-4985-87F8-52BD1C85DAC6}.Debug|Any CPU.ActiveCfg = Debug|Any CPU
		{AC95FAE9-E35A-4985-87F8-52BD1C85DAC6}.Debug|Any CPU.Build.0 = Debug|Any CPU
		{AC95FAE9-E35A-4985-87F8-52BD1C85DAC6}.Release|Any CPU.ActiveCfg = Release|Any CPU
		{AC95FAE9-E35A-4985-87F8-52BD1C85DAC6}.Release|Any CPU.Build.0 = Release|Any CPU
		{2CE1BDF6-2779-4FC6-A848-D84C7F45B6AF}.Debug|Any CPU.ActiveCfg = Debug|Any CPU
		{2CE1BDF6-2779-4FC6-A848-D84C7F45B6AF}.Debug|Any CPU.Build.0 = Debug|Any CPU
		{2CE1BDF6-2779-4FC6-A848-D84C7F45B6AF}.Release|Any CPU.ActiveCfg = Release|Any CPU
		{2CE1BDF6-2779-4FC6-A848-D84C7F45B6AF}.Release|Any CPU.Build.0 = Release|Any CPU
	EndGlobalSection
	GlobalSection(SolutionProperties) = preSolution
		HideSolutionNode = FALSE
	EndGlobalSection
	GlobalSection(ExtensibilityGlobals) = postSolution
		SolutionGuid = {EF075DC8-1040-46D0-A2E6-FA27D7F2CB4D}
	EndGlobalSection
EndGlobal
